
Microsoft Visual Studio Solution File, Format Version 12.00
# Visual Studio Version 16
VisualStudioVersion = 16.0.33130.400
MinimumVisualStudioVersion = 10.0.40219.1
Project("{FAE04EC0-301F-11D3-BF4B-00C04F79EFBC}") = "Entites", "Entites\Entites.csproj", "{8A92EF65-6838-4816-9118-6ABFB20F72D7}"
EndProject
Project("{FAE04EC0-301F-11D3-BF4B-00C04F79EFBC}") = "DataAccess", "DataAccess\DataAccess.csproj", "{749D2EDB-310C-4B0E-962F-F593060B14A5}"
EndProject
Project("{FAE04EC0-301F-11D3-BF4B-00C04F79EFBC}") = "Business", "Business\Business.csproj", "{202B2093-5B41-4F9A-AEFF-FF89A4DAEF70}"
EndProject
Project("{FAE04EC0-301F-11D3-BF4B-00C04F79EFBC}") = "ConsoleUI", "ConsoleUI\ConsoleUI.csproj", "{FDF45D1C-23FE-41DB-A1C2-957D83307293}"
EndProject
Global
	GlobalSection(SolutionConfigurationPlatforms) = preSolution
		Debug|Any CPU = Debug|Any CPU
		Release|Any CPU = Release|Any CPU
	EndGlobalSection
	GlobalSection(ProjectConfigurationPlatforms) = postSolution
		{8A92EF65-6838-4816-9118-6ABFB20F72D7}.Debug|Any CPU.ActiveCfg = Debug|Any CPU
		{8A92EF65-6838-4816-9118-6ABFB20F72D7}.Debug|Any CPU.Build.0 = Debug|Any CPU
		{8A92EF65-6838-4816-9118-6ABFB20F72D7}.Release|Any CPU.ActiveCfg = Release|Any CPU
		{8A92EF65-6838-4816-9118-6ABFB20F72D7}.Release|Any CPU.Build.0 = Release|Any CPU
		{749D2EDB-310C-4B0E-962F-F593060B14A5}.Debug|Any CPU.ActiveCfg = Debug|Any CPU
		{749D2EDB-310C-4B0E-962F-F593060B14A5}.Debug|Any CPU.Build.0 = Debug|Any CPU
		{749D2EDB-310C-4B0E-962F-F593060B14A5}.Release|Any CPU.ActiveCfg = Release|Any CPU
		{749D2EDB-310C-4B0E-962F-F593060B14A5}.Release|Any CPU.Build.0 = Release|Any CPU
		{202B2093-5B41-4F9A-AEFF-FF89A4DAEF70}.Debug|Any CPU.ActiveCfg = Debug|Any CPU
		{202B2093-5B41-4F9A-AEFF-FF89A4DAEF70}.Debug|Any CPU.Build.0 = Debug|Any CPU
		{202B2093-5B41-4F9A-AEFF-FF89A4DAEF70}.Release|Any CPU.ActiveCfg = Release|Any CPU
		{202B2093-5B41-4F9A-AEFF-FF89A4DAEF70}.Release|Any CPU.Build.0 = Release|Any CPU
		{FDF45D1C-23FE-41DB-A1C2-957D83307293}.Debug|Any CPU.ActiveCfg = Debug|Any CPU
		{FDF45D1C-23FE-41DB-A1C2-957D83307293}.Debug|Any CPU.Build.0 = Debug|Any CPU
		{FDF45D1C-23FE-41DB-A1C2-957D83307293}.Release|Any CPU.ActiveCfg = Release|Any CPU
		{FDF45D1C-23FE-41DB-A1C2-957D83307293}.Release|Any CPU.Build.0 = Release|Any CPU
	EndGlobalSection
	GlobalSection(SolutionProperties) = preSolution
		HideSolutionNode = FALSE
	EndGlobalSection
	GlobalSection(ExtensibilityGlobals) = postSolution
		SolutionGuid = {E8D8A1CF-2FB6-41F3-9509-E7CB8FC6DCA3}
	EndGlobalSection
EndGlobal
